// !$*UTF8*$!
{
	archiveVersion = 1;
	classes = {
	};
	objectVersion = 46;
	objects = {

/* Begin PBXBuildFile section */
		91BCE0D69CB0E787D2B0B398 /* glew.c in Sources */ = {isa = PBXBuildFile; fileRef = 91BCEF2A0E3A272DE64C76B5 /* glew.c */; };
		91BCE1D380123C58C652DB6B /* DrawTriangle.cpp in Sources */ = {isa = PBXBuildFile; fileRef = 91BCE4CE08E01817A3B6F894 /* DrawTriangle.cpp */; };
		91BCE3585C973EBF238B6129 /* Application.cpp in Sources */ = {isa = PBXBuildFile; fileRef = 91BCE7AF1561D4A3FA6D17C7 /* Application.cpp */; };
		91BCE3BF4D6959A80E6B60CA /* platform_osx.mm in Sources */ = {isa = PBXBuildFile; fileRef = 91BCEC3B0470AEEDA492C5AF /* platform_osx.mm */; };
		91BCE426384408B1754C3376 /* Program.cpp in Sources */ = {isa = PBXBuildFile; fileRef = 91BCE16D36C6D15B0746C76F /* Program.cpp */; };
		91BCE452EA332EE09745A20F /* libglfw3.a in Frameworks */ = {isa = PBXBuildFile; fileRef = 91BCEC202FFC168E714FB5C5 /* libglfw3.a */; };
		91BCE58D967F56317569D225 /* main.cpp in Sources */ = {isa = PBXBuildFile; fileRef = 91BCEDF21208899F298F852B /* main.cpp */; };
		91BCE69040323FBAAAC27301 /* simple_fragment.shader in CopyFiles */ = {isa = PBXBuildFile; fileRef = 91BCE7EC7080B6519AEA6455 /* simple_fragment.shader */; };
		91BCEC625FF07D6D206AA50A /* Shader.cpp in Sources */ = {isa = PBXBuildFile; fileRef = 91BCE5D103839721C54F8779 /* Shader.cpp */; };
		91BCECD1A717EE1939CE533F /* triangle_vertex.shader in CopyFiles */ = {isa = PBXBuildFile; fileRef = 91BCE242A66AF8945B6B9BA5 /* triangle_vertex.shader */; };
		B53B8EAE1EE3B14C00FFB91C /* OpenGL.framework in Frameworks */ = {isa = PBXBuildFile; fileRef = B53B8EAD1EE3B14C00FFB91C /* OpenGL.framework */; };
		B53B8EB01EE3B16400FFB91C /* IOKit.framework in Frameworks */ = {isa = PBXBuildFile; fileRef = B53B8EAF1EE3B16400FFB91C /* IOKit.framework */; };
		B53B8EB21EE3B16E00FFB91C /* Cocoa.framework in Frameworks */ = {isa = PBXBuildFile; fileRef = B53B8EB11EE3B16E00FFB91C /* Cocoa.framework */; };
		B53B8EB41EE3B17600FFB91C /* QuartzCore.framework in Frameworks */ = {isa = PBXBuildFile; fileRef = B53B8EB31EE3B17600FFB91C /* QuartzCore.framework */; };
/* End PBXBuildFile section */

/* Begin PBXCopyFilesBuildPhase section */
		91BCE94EE15492189D1CA995 /* CopyFiles */ = {
			isa = PBXCopyFilesBuildPhase;
			buildActionMask = 12;
			dstPath = "";
			dstSubfolderSpec = 16;
			files = (
				91BCE69040323FBAAAC27301 /* simple_fragment.shader in CopyFiles */,
				91BCECD1A717EE1939CE533F /* triangle_vertex.shader in CopyFiles */,
			);
			runOnlyForDeploymentPostprocessing = 0;
		};
/* End PBXCopyFilesBuildPhase section */

/* Begin PBXFileReference section */
		91BCE061E7E4F72732D87082 /* Shader.h */ = {isa = PBXFileReference; fileEncoding = 4; lastKnownFileType = sourcecode.c.h; name = Shader.h; path = common/Shader.h; sourceTree = "<group>"; };
		91BCE12020CA5198D3001406 /* vertex.shader */ = {isa = PBXFileReference; lastKnownFileType = file.shader; path = vertex.shader; sourceTree = "<group>"; };
		91BCE16D36C6D15B0746C76F /* Program.cpp */ = {isa = PBXFileReference; fileEncoding = 4; lastKnownFileType = sourcecode.cpp.cpp; name = Program.cpp; path = common/Program.cpp; sourceTree = "<group>"; };
		91BCE1970B2C046A48ADA3CC /* fragment.shader */ = {isa = PBXFileReference; lastKnownFileType = file.shader; path = fragment.shader; sourceTree = "<group>"; };
		91BCE242A66AF8945B6B9BA5 /* triangle_vertex.shader */ = {isa = PBXFileReference; lastKnownFileType = file.shader; path = triangle_vertex.shader; sourceTree = "<group>"; };
		91BCE35B08E94BCF18DB8F6A /* TessellationTriangle.h */ = {isa = PBXFileReference; fileEncoding = 4; lastKnownFileType = sourcecode.c.h; path = TessellationTriangle.h; sourceTree = "<group>"; };
		91BCE4AEEF9451AB7097C084 /* Application.h */ = {isa = PBXFileReference; fileEncoding = 4; lastKnownFileType = sourcecode.c.h; name = Application.h; path = common/Application.h; sourceTree = "<group>"; };
		91BCE4CE08E01817A3B6F894 /* DrawTriangle.cpp */ = {isa = PBXFileReference; fileEncoding = 4; lastKnownFileType = sourcecode.cpp.cpp; path = DrawTriangle.cpp; sourceTree = "<group>"; };
		91BCE5D103839721C54F8779 /* Shader.cpp */ = {isa = PBXFileReference; fileEncoding = 4; lastKnownFileType = sourcecode.cpp.cpp; name = Shader.cpp; path = common/Shader.cpp; sourceTree = "<group>"; };
		91BCE6A2057F28CC7C6370A7 /* TessellationTriangle.cpp */ = {isa = PBXFileReference; fileEncoding = 4; lastKnownFileType = sourcecode.cpp.cpp; path = TessellationTriangle.cpp; sourceTree = "<group>"; };
		91BCE7AF1561D4A3FA6D17C7 /* Application.cpp */ = {isa = PBXFileReference; fileEncoding = 4; lastKnownFileType = sourcecode.cpp.cpp; name = Application.cpp; path = common/Application.cpp; sourceTree = "<group>"; };
		91BCE7EC7080B6519AEA6455 /* simple_fragment.shader */ = {isa = PBXFileReference; lastKnownFileType = file.shader; path = simple_fragment.shader; sourceTree = "<group>"; };
		91BCE95D1F1EACC6E7E65A98 /* platform.hpp */ = {isa = PBXFileReference; fileEncoding = 4; lastKnownFileType = sourcecode.cpp.h; name = platform.hpp; path = common/platform.hpp; sourceTree = "<group>"; };
		91BCEA2EF817F0D25E9CC187 /* DrawTriangle.h */ = {isa = PBXFileReference; fileEncoding = 4; lastKnownFileType = sourcecode.c.h; path = DrawTriangle.h; sourceTree = "<group>"; };
		91BCEA36CCA065581E93AB48 /* RenderVotex */ = {isa = PBXFileReference; fileEncoding = 4; lastKnownFileType = text; name = RenderVotex; path = "../../Library/Caches/AppCode2017.1/DerivedData/RenderVotex-dftfhxhdtxbrjmeewzuzpdshdruu/Build/Products/Debug/RenderVotex"; sourceTree = "<group>"; };
		91BCEB37425245FF865CE869 /* tessControl.shader */ = {isa = PBXFileReference; lastKnownFileType = file.shader; path = tessControl.shader; sourceTree = "<group>"; };
		91BCEC202FFC168E714FB5C5 /* libglfw3.a */ = {isa = PBXFileReference; lastKnownFileType = archive.ar; name = libglfw3.a; path = platforms/osx/libglfw3.a; sourceTree = "<group>"; };
		91BCEC3B0470AEEDA492C5AF /* platform_osx.mm */ = {isa = PBXFileReference; fileEncoding = 4; lastKnownFileType = sourcecode.cpp.objcpp; name = platform_osx.mm; path = platforms/osx/platform_osx.mm; sourceTree = "<group>"; };
		91BCEC651DB41B8EB1838043 /* Utility.h */ = {isa = PBXFileReference; fileEncoding = 4; lastKnownFileType = sourcecode.c.h; name = Utility.h; path = common/Utility.h; sourceTree = "<group>"; };
		91BCEDF21208899F298F852B /* main.cpp */ = {isa = PBXFileReference; lastKnownFileType = sourcecode.cpp.cpp; path = main.cpp; sourceTree = "<group>"; };
		91BCEF2A0E3A272DE64C76B5 /* glew.c */ = {isa = PBXFileReference; fileEncoding = 4; lastKnownFileType = sourcecode.c.c; name = glew.c; path = common/thirdparty/glew/src/glew.c; sourceTree = "<group>"; };
		91BCEF3A23811640E072A793 /* Program.h */ = {isa = PBXFileReference; fileEncoding = 4; lastKnownFileType = sourcecode.c.h; name = Program.h; path = common/Program.h; sourceTree = "<group>"; };
		91BCEFDF907B8C983AF7997B /* tessEvaluation.shader */ = {isa = PBXFileReference; lastKnownFileType = file.shader; path = tessEvaluation.shader; sourceTree = "<group>"; };
		B53B8EAD1EE3B14C00FFB91C /* OpenGL.framework */ = {isa = PBXFileReference; lastKnownFileType = wrapper.framework; name = OpenGL.framework; path = System/Library/Frameworks/OpenGL.framework; sourceTree = SDKROOT; };
		B53B8EAF1EE3B16400FFB91C /* IOKit.framework */ = {isa = PBXFileReference; lastKnownFileType = wrapper.framework; name = IOKit.framework; path = System/Library/Frameworks/IOKit.framework; sourceTree = SDKROOT; };
		B53B8EB11EE3B16E00FFB91C /* Cocoa.framework */ = {isa = PBXFileReference; lastKnownFileType = wrapper.framework; name = Cocoa.framework; path = System/Library/Frameworks/Cocoa.framework; sourceTree = SDKROOT; };
		B53B8EB31EE3B17600FFB91C /* QuartzCore.framework */ = {isa = PBXFileReference; lastKnownFileType = wrapper.framework; name = QuartzCore.framework; path = System/Library/Frameworks/QuartzCore.framework; sourceTree = SDKROOT; };
/* End PBXFileReference section */

/* Begin PBXFrameworksBuildPhase section */
		91BCE6CB46B2F9FE0C19A3DA /* Frameworks */ = {
			isa = PBXFrameworksBuildPhase;
			buildActionMask = 2147483647;
			files = (
				B53B8EB41EE3B17600FFB91C /* QuartzCore.framework in Frameworks */,
				91BCE452EA332EE09745A20F /* libglfw3.a in Frameworks */,
				B53B8EB01EE3B16400FFB91C /* IOKit.framework in Frameworks */,
				B53B8EAE1EE3B14C00FFB91C /* OpenGL.framework in Frameworks */,
				B53B8EB21EE3B16E00FFB91C /* Cocoa.framework in Frameworks */,
			);
			runOnlyForDeploymentPostprocessing = 0;
		};
/* End PBXFrameworksBuildPhase section */

/* Begin PBXGroup section */
		91BCE0464626A07FABC0DBB6 /* RenderVotex */ = {
			isa = PBXGroup;
			children = (
				91BCEDF21208899F298F852B /* main.cpp */,
				91BCE12020CA5198D3001406 /* vertex.shader */,
				91BCE1970B2C046A48ADA3CC /* fragment.shader */,
			);
			path = RenderVotex;
			sourceTree = "<group>";
		};
		91BCE731EECE15C2AD75A025 /* common */ = {
			isa = PBXGroup;
			children = (
				91BCEC202FFC168E714FB5C5 /* libglfw3.a */,
				91BCEF2A0E3A272DE64C76B5 /* glew.c */,
				91BCEC3B0470AEEDA492C5AF /* platform_osx.mm */,
				B53B8EB31EE3B17600FFB91C /* QuartzCore.framework */,
				B53B8EB11EE3B16E00FFB91C /* Cocoa.framework */,
				B53B8EAF1EE3B16400FFB91C /* IOKit.framework */,
				B53B8EAD1EE3B14C00FFB91C /* OpenGL.framework */,
				91BCE7AF1561D4A3FA6D17C7 /* Application.cpp */,
				91BCE4AEEF9451AB7097C084 /* Application.h */,
				91BCE061E7E4F72732D87082 /* Shader.h */,
				91BCE5D103839721C54F8779 /* Shader.cpp */,
				91BCE95D1F1EACC6E7E65A98 /* platform.hpp */,
				91BCE16D36C6D15B0746C76F /* Program.cpp */,
				91BCEF3A23811640E072A793 /* Program.h */,
				91BCEC651DB41B8EB1838043 /* Utility.h */,
			);
			name = common;
			sourceTree = "<group>";
		};
		91BCE77CDD0B38E84DD755CF = {
			isa = PBXGroup;
			children = (
				91BCE0464626A07FABC0DBB6 /* RenderVotex */,
				91BCE731EECE15C2AD75A025 /* common */,
				91BCEFE17313B92A284966C5 /* Products */,
				91BCE9871D81F34ACE08E726 /* OpenGLSuperBible */,
			);
			sourceTree = "<group>";
		};
		91BCE9871D81F34ACE08E726 /* OpenGLSuperBible */ = {
			isa = PBXGroup;
			children = (
				91BCEED31CF278C4B413820E /* CH3 */,
				91BCEED674B8C70AC76A1300 /* CH2 */,
			);
			path = OpenGLSuperBible;
			sourceTree = "<group>";
		};
		91BCEED31CF278C4B413820E /* CH3 */ = {
			isa = PBXGroup;
			children = (
			);
			path = CH3;
			sourceTree = "<group>";
		};
		91BCEED674B8C70AC76A1300 /* CH2 */ = {
			isa = PBXGroup;
			children = (
				91BCE242A66AF8945B6B9BA5 /* triangle_vertex.shader */,
				91BCE4CE08E01817A3B6F894 /* DrawTriangle.cpp */,
				91BCEA2EF817F0D25E9CC187 /* DrawTriangle.h */,
				91BCE7EC7080B6519AEA6455 /* simple_fragment.shader */,
				91BCEFDF907B8C983AF7997B /* tessEvaluation.shader */,
				91BCEB37425245FF865CE869 /* tessControl.shader */,
				91BCE6A2057F28CC7C6370A7 /* TessellationTriangle.cpp */,
				91BCE35B08E94BCF18DB8F6A /* TessellationTriangle.h */,
			);
			path = CH2;
			sourceTree = "<group>";
		};
		91BCEFE17313B92A284966C5 /* Products */ = {
			isa = PBXGroup;
			children = (
				91BCEA36CCA065581E93AB48 /* RenderVotex */,
			);
			name = Products;
			sourceTree = "<group>";
		};
/* End PBXGroup section */

/* Begin PBXNativeTarget section */
		91BCE60F4DE85609AC3D27D1 /* RenderVotex */ = {
			isa = PBXNativeTarget;
			buildConfigurationList = 91BCEC75AA93C1C26CF07672 /* Build configuration list for PBXNativeTarget "RenderVotex" */;
			buildPhases = (
				91BCED0F932800DA3C12AAD7 /* Sources */,
				91BCE6CB46B2F9FE0C19A3DA /* Frameworks */,
				91BCE94EE15492189D1CA995 /* CopyFiles */,
			);
			buildRules = (
			);
			dependencies = (
			);
			name = RenderVotex;
			productName = RenderVotex;
			productType = "com.apple.product-type.tool";
		};
/* End PBXNativeTarget section */

/* Begin PBXProject section */
		91BCE811611E27F83B146395 /* Project object */ = {
			isa = PBXProject;
			attributes = {
				LastSwiftUpdateCheck = 0830;
				ORGANIZATIONNAME = "___FULLUSERNAME___";
			};
			buildConfigurationList = 91BCE385AF013B886562927D /* Build configuration list for PBXProject "RenderVotex" */;
			compatibilityVersion = "Xcode 3.2";
			developmentRegion = English;
			hasScannedForEncodings = 0;
			knownRegions = (
				en,
				Base,
			);
			mainGroup = 91BCE77CDD0B38E84DD755CF;
			projectDirPath = "";
			projectRoot = "";
			targets = (
				91BCE60F4DE85609AC3D27D1 /* RenderVotex */,
			);
		};
/* End PBXProject section */

/* Begin PBXSourcesBuildPhase section */
		91BCED0F932800DA3C12AAD7 /* Sources */ = {
			isa = PBXSourcesBuildPhase;
			buildActionMask = 2147483647;
			files = (
				91BCE0D69CB0E787D2B0B398 /* glew.c in Sources */,
				91BCE58D967F56317569D225 /* main.cpp in Sources */,
				91BCE3BF4D6959A80E6B60CA /* platform_osx.mm in Sources */,
				91BCEC625FF07D6D206AA50A /* Shader.cpp in Sources */,
				91BCE426384408B1754C3376 /* Program.cpp in Sources */,
				91BCE3585C973EBF238B6129 /* Application.cpp in Sources */,
				91BCE1D380123C58C652DB6B /* DrawTriangle.cpp in Sources */,
			);
			runOnlyForDeploymentPostprocessing = 0;
		};
/* End PBXSourcesBuildPhase section */

/* Begin XCBuildConfiguration section */
		91BCE05033D85053FB9B764F /* Debug */ = {
			isa = XCBuildConfiguration;
			buildSettings = {
				ALWAYS_SEARCH_USER_PATHS = NO;
				CLANG_ANALYZER_NONNULL = YES;
				CLANG_ANALYZER_NUMBER_OBJECT_CONVERSION = YES_AGGRESSIVE;
				CLANG_CXX_LANGUAGE_STANDARD = "gnu++0x";
				CLANG_CXX_LIBRARY = "libc++";
				CLANG_ENABLE_MODULES = NO;
				CLANG_ENABLE_OBJC_ARC = YES;
				CLANG_WARN_BOOL_CONVERSION = YES;
				CLANG_WARN_CONSTANT_CONVERSION = YES;
				CLANG_WARN_DIRECT_OBJC_ISA_USAGE = YES_ERROR;
				CLANG_WARN_DOCUMENTATION_COMMENTS = YES;
				CLANG_WARN_EMPTY_BODY = YES;
				CLANG_WARN_ENUM_CONVERSION = YES;
				CLANG_WARN_INFINITE_RECURSION = YES;
				CLANG_WARN_INT_CONVERSION = YES;
				CLANG_WARN_OBJC_ROOT_CLASS = YES_ERROR;
				CLANG_WARN_SUSPICIOUS_MOVE = YES;
				CLANG_WARN_UNREACHABLE_CODE = YES;
				CLANG_WARN__DUPLICATE_METHOD_MATCH = YES;
				CODE_SIGN_IDENTITY = "-";
				COPY_PHASE_STRIP = NO;
				DEBUG_INFORMATION_FORMAT = dwarf;
				ENABLE_STRICT_OBJC_MSGSEND = YES;
				ENABLE_TESTABILITY = YES;
				GCC_C_LANGUAGE_STANDARD = gnu99;
				GCC_DYNAMIC_NO_PIC = NO;
				GCC_NO_COMMON_BLOCKS = YES;
				GCC_OPTIMIZATION_LEVEL = 0;
				GCC_PREPROCESSOR_DEFINITIONS = GLM_FORCE_RADIANS;
				GCC_WARN_64_TO_32_BIT_CONVERSION = YES;
				GCC_WARN_ABOUT_RETURN_TYPE = YES_ERROR;
				GCC_WARN_UNDECLARED_SELECTOR = YES;
				GCC_WARN_UNINITIALIZED_AUTOS = YES_AGGRESSIVE;
				GCC_WARN_UNUSED_FUNCTION = YES;
				GCC_WARN_UNUSED_VARIABLE = YES;
				MACOSX_DEPLOYMENT_TARGET = 10.9;
				MTL_ENABLE_DEBUG_INFO = YES;
				ONLY_ACTIVE_ARCH = YES;
				SDKROOT = "";
			};
			name = Debug;
		};
		91BCE0C2A61BDC075371C1BB /* Release */ = {
			isa = XCBuildConfiguration;
			buildSettings = {
				ALWAYS_SEARCH_USER_PATHS = NO;
				CLANG_ANALYZER_NONNULL = YES;
				CLANG_ANALYZER_NUMBER_OBJECT_CONVERSION = YES_AGGRESSIVE;
				CLANG_CXX_LANGUAGE_STANDARD = "gnu++0x";
				CLANG_CXX_LIBRARY = "libc++";
				CLANG_ENABLE_MODULES = NO;
				CLANG_ENABLE_OBJC_ARC = YES;
				CLANG_WARN_BOOL_CONVERSION = YES;
				CLANG_WARN_CONSTANT_CONVERSION = YES;
				CLANG_WARN_DIRECT_OBJC_ISA_USAGE = YES_ERROR;
				CLANG_WARN_DOCUMENTATION_COMMENTS = YES;
				CLANG_WARN_EMPTY_BODY = YES;
				CLANG_WARN_ENUM_CONVERSION = YES;
				CLANG_WARN_INFINITE_RECURSION = YES;
				CLANG_WARN_INT_CONVERSION = YES;
				CLANG_WARN_OBJC_ROOT_CLASS = YES_ERROR;
				CLANG_WARN_SUSPICIOUS_MOVE = YES;
				CLANG_WARN_UNREACHABLE_CODE = YES;
				CLANG_WARN__DUPLICATE_METHOD_MATCH = YES;
				CODE_SIGN_IDENTITY = "-";
				COPY_PHASE_STRIP = NO;
				DEBUG_INFORMATION_FORMAT = "dwarf-with-dsym";
				ENABLE_NS_ASSERTIONS = NO;
				ENABLE_STRICT_OBJC_MSGSEND = YES;
				GCC_C_LANGUAGE_STANDARD = gnu99;
				GCC_NO_COMMON_BLOCKS = YES;
				GCC_PREPROCESSOR_DEFINITIONS = GLM_FORCE_RADIANS;
				GCC_WARN_64_TO_32_BIT_CONVERSION = YES;
				GCC_WARN_ABOUT_RETURN_TYPE = YES_ERROR;
				GCC_WARN_UNDECLARED_SELECTOR = YES;
				GCC_WARN_UNINITIALIZED_AUTOS = YES_AGGRESSIVE;
				GCC_WARN_UNUSED_FUNCTION = YES;
				GCC_WARN_UNUSED_VARIABLE = YES;
				MACOSX_DEPLOYMENT_TARGET = 10.9;
				MTL_ENABLE_DEBUG_INFO = NO;
				SDKROOT = "";
			};
			name = Release;
		};
		91BCE6A729189F7DF05ED918 /* Release */ = {
			isa = XCBuildConfiguration;
			buildSettings = {
				HEADER_SEARCH_PATHS = "\"$(PROJECT_DIR)/common/thirdparty\"/**";
				LIBRARY_SEARCH_PATHS = (
					"\"${PROJECT_DIR}/platforms/osx\"/**",
					"$(PROJECT_DIR)/platforms/osx",
				);
				MACOSX_DEPLOYMENT_TARGET = 10.9;
				PRODUCT_NAME = "$(TARGET_NAME)";
			};
			name = Release;
		};
		91BCED503C050957339D8235 /* Debug */ = {
			isa = XCBuildConfiguration;
			buildSettings = {
				HEADER_SEARCH_PATHS = "\"$(PROJECT_DIR)/common/thirdparty\"/**";
				LIBRARY_SEARCH_PATHS = (
					"\"${PROJECT_DIR}/platforms/osx\"/**",
					"$(PROJECT_DIR)/platforms/osx",
				);
				MACOSX_DEPLOYMENT_TARGET = 10.9;
				PRODUCT_NAME = "$(TARGET_NAME)";
			};
			name = Debug;
		};
/* End XCBuildConfiguration section */

/* Begin XCConfigurationList section */
		91BCE385AF013B886562927D /* Build configuration list for PBXProject "RenderVotex" */ = {
			isa = XCConfigurationList;
			buildConfigurations = (
				91BCE05033D85053FB9B764F /* Debug */,
				91BCE0C2A61BDC075371C1BB /* Release */,
			);
			defaultConfigurationIsVisible = 0;
			defaultConfigurationName = Release;
		};
		91BCEC75AA93C1C26CF07672 /* Build configuration list for PBXNativeTarget "RenderVotex" */ = {
			isa = XCConfigurationList;
			buildConfigurations = (
				91BCED503C050957339D8235 /* Debug */,
				91BCE6A729189F7DF05ED918 /* Release */,
			);
			defaultConfigurationIsVisible = 0;
			defaultConfigurationName = Release;
		};
/* End XCConfigurationList section */
	};
	rootObject = 91BCE811611E27F83B146395 /* Project object */;
}
