<?xml version="1.0" encoding="utf-8"?>
<Project ToolsVersion="4.0" xmlns="http://schemas.microsoft.com/developer/msbuild/2003">
  <ItemGroup>
    <Filter Include="ch2">
      <UniqueIdentifier>{0aebec82-45f6-4c62-83bc-37e985d2fd08}</UniqueIdentifier>
    </Filter>
    <Filter Include="ch5">
      <UniqueIdentifier>{f3911f52-5a84-44a5-8c77-3b9de458e9bd}</UniqueIdentifier>
    </Filter>
    <Filter Include="resources">
      <UniqueIdentifier>{42349c59-faf2-4f07-b1ea-8aa20cd6e708}</UniqueIdentifier>
    </Filter>
  </ItemGroup>
  <ItemGroup>
    <ClCompile Include="main.cpp" />
    <ClCompile Include="ch5\UsingBuffer.cpp">
      <Filter>ch5</Filter>
    </ClCompile>
    <ClCompile Include="ch2\DrawTriangle.cpp">
      <Filter>ch2</Filter>
    </ClCompile>
    <ClCompile Include="ch2\TessellationTriangle.cpp">
      <Filter>ch2</Filter>
    </ClCompile>
    <ClCompile Include="ch2\UseGeometryShader.cpp">
      <Filter>ch2</Filter>
    </ClCompile>
  </ItemGroup>
  <ItemGroup>
    <ClInclude Include="ch5\UsingBuffer.h">
      <Filter>ch5</Filter>
    </ClInclude>
    <ClInclude Include="ch2\DrawTriangle.h">
      <Filter>ch2</Filter>
    </ClInclude>
    <ClInclude Include="ch2\TessellationTriangle.h">
      <Filter>ch2</Filter>
    </ClInclude>
    <ClInclude Include="ch2\UseGeometryShader.h">
      <Filter>ch2</Filter>
    </ClInclude>
    <ClInclude Include="resource.h" />
  </ItemGroup>
  <ItemGroup>
    <None Include="..\resources\fragment.shader">
      <Filter>resources</Filter>
    </None>
    <None Include="..\resources\fragment_1.shader">
      <Filter>resources</Filter>
    </None>
    <None Include="..\resources\fragment_constant_color.shader">
      <Filter>resources</Filter>
    </None>
    <None Include="..\resources\fragment_position_color.shader">
      <Filter>resources</Filter>
    </None>
    <None Include="..\resources\geometry.shader">
      <Filter>resources</Filter>
    </None>
    <None Include="..\resources\tess_control.shader">
      <Filter>resources</Filter>
    </None>
    <None Include="..\resources\tess_evaluation.shader">
      <Filter>resources</Filter>
    </None>
    <None Include="..\resources\vertex.shader">
      <Filter>resources</Filter>
    </None>
    <None Include="..\resources\vertex_1.shader">
      <Filter>resources</Filter>
    </None>
  </ItemGroup>
</Project>