<?xml version="1.0" encoding="UTF-8"?>
<Scheme
   version = "1.3">
   <BuildAction>
      <BuildActionEntries>
         <BuildActionEntry
            buildForRunning = "YES">
            <BuildableReference
               BuildableIdentifier = "primary"
               BlueprintIdentifier = "91BCE60F4DE85609AC3D27D1"
               BuildableName = "RenderVotex"
               BlueprintName = "RenderVotex"
               ReferencedContainer = "container:RenderVotex.xcodeproj">
            </BuildableReference>
         </BuildActionEntry>
      </BuildActionEntries>
   </BuildAction>
   <LaunchAction
      useCustomWorkingDirectory = "NO"
      buildConfiguration = "Debug">
      <BuildableProductRunnable>
         <BuildableReference
            BuildableIdentifier = "primary"
            BlueprintIdentifier = "91BCE60F4DE85609AC3D27D1"
            BuildableName = "RenderVotex"
            BlueprintName = "RenderVotex"
            ReferencedContainer = "container:RenderVotex.xcodeproj">
         </BuildableReference>
      </BuildableProductRunnable>
   </LaunchAction>
</Scheme>
